
Microsoft Visual Studio Solution File, Format Version 12.00
# Visual Studio Version 17
VisualStudioVersion = 17.4.33110.190
MinimumVisualStudioVersion = 10.0.40219.1
Project("{FAE04EC0-301F-11D3-BF4B-00C04F79EFBC}") = "Dummy-Database", "Dummy-Database.csproj", "{45CBF0FE-5FAA-422B-920A-790C214D7AC0}"
EndProject
Global
	GlobalSection(SolutionConfigurationPlatforms) = preSolution
		Debug|Any CPU = Debug|Any CPU
		Release|Any CPU = Release|Any CPU
	EndGlobalSection
	GlobalSection(ProjectConfigurationPlatforms) = postSolution
		{45CBF0FE-5FAA-422B-920A-790C214D7AC0}.Debug|Any CPU.ActiveCfg = Debug|Any CPU
		{45CBF0FE-5FAA-422B-920A-790C214D7AC0}.Debug|Any CPU.Build.0 = Debug|Any CPU
		{45CBF0FE-5FAA-422B-920A-790C214D7AC0}.Release|Any CPU.ActiveCfg = Release|Any CPU
		{45CBF0FE-5FAA-422B-920A-790C214D7AC0}.Release|Any CPU.Build.0 = Release|Any CPU
	EndGlobalSection
	GlobalSection(SolutionProperties) = preSolution
		HideSolutionNode = FALSE
	EndGlobalSection
	GlobalSection(ExtensibilityGlobals) = postSolution
		SolutionGuid = {FCDF8D02-FFAF-4280-A250-BB85D8BFE41E}
	EndGlobalSection
EndGlobal
